
Microsoft Visual Studio Solution File, Format Version 12.00
# Visual Studio Version 16
VisualStudioVersion = 16.0.29519.181
MinimumVisualStudioVersion = 10.0.40219.1
Project("{FAE04EC0-301F-11D3-BF4B-00C04F79EFBC}") = "OtelMüsteriSistem", "OtelMüsteriSistem\OtelMüsteriSistem.csproj", "{90F0B66A-D29F-4411-92FC-C961FF10BB86}"
EndProject
Global
	GlobalSection(SolutionConfigurationPlatforms) = preSolution
		Debug|Any CPU = Debug|Any CPU
		Release|Any CPU = Release|Any CPU
	EndGlobalSection
	GlobalSection(ProjectConfigurationPlatforms) = postSolution
		{90F0B66A-D29F-4411-92FC-C961FF10BB86}.Debug|Any CPU.ActiveCfg = Debug|Any CPU
		{90F0B66A-D29F-4411-92FC-C961FF10BB86}.Debug|Any CPU.Build.0 = Debug|Any CPU
		{90F0B66A-D29F-4411-92FC-C961FF10BB86}.Release|Any CPU.ActiveCfg = Release|Any CPU
		{90F0B66A-D29F-4411-92FC-C961FF10BB86}.Release|Any CPU.Build.0 = Release|Any CPU
	EndGlobalSection
	GlobalSection(SolutionProperties) = preSolution
		HideSolutionNode = FALSE
	EndGlobalSection
	GlobalSection(ExtensibilityGlobals) = postSolution
		SolutionGuid = {69947D97-C01A-4CE1-B963-1E32B81A92EB}
	EndGlobalSection
EndGlobal
